
Microsoft Visual Studio Solution File, Format Version 12.00
# Visual Studio Version 17
VisualStudioVersion = 17.5.33530.505
MinimumVisualStudioVersion = 10.0.40219.1
Project("{FAE04EC0-301F-11D3-BF4B-00C04F79EFBC}") = "10. Watchtower", "10. Watchtower.csproj", "{E7AFE32B-BC88-4F99-B419-774B9A07F00A}"
EndProject
Global
	GlobalSection(SolutionConfigurationPlatforms) = preSolution
		Debug|Any CPU = Debug|Any CPU
		Release|Any CPU = Release|Any CPU
	EndGlobalSection
	GlobalSection(ProjectConfigurationPlatforms) = postSolution
		{E7AFE32B-BC88-4F99-B419-774B9A07F00A}.Debug|Any CPU.ActiveCfg = Debug|Any CPU
		{E7AFE32B-BC88-4F99-B419-774B9A07F00A}.Debug|Any CPU.Build.0 = Debug|Any CPU
		{E7AFE32B-BC88-4F99-B419-774B9A07F00A}.Release|Any CPU.ActiveCfg = Release|Any CPU
		{E7AFE32B-BC88-4F99-B419-774B9A07F00A}.Release|Any CPU.Build.0 = Release|Any CPU
	EndGlobalSection
	GlobalSection(SolutionProperties) = preSolution
		HideSolutionNode = FALSE
	EndGlobalSection
	GlobalSection(ExtensibilityGlobals) = postSolution
		SolutionGuid = {F99EEA1A-B9B3-4783-8203-D8D65ED80FD5}
	EndGlobalSection
EndGlobal
