
Microsoft Visual Studio Solution File, Format Version 12.00
# Visual Studio Version 17
VisualStudioVersion = 17.5.33530.505
MinimumVisualStudioVersion = 10.0.40219.1
Project("{FAE04EC0-301F-11D3-BF4B-00C04F79EFBC}") = "5. The-Triangle-Farmer", "5. The-Triangle-Farmer.csproj", "{4C8EF0D0-958F-450A-8BDA-E98B8908F2FD}"
EndProject
Global
	GlobalSection(SolutionConfigurationPlatforms) = preSolution
		Debug|Any CPU = Debug|Any CPU
		Release|Any CPU = Release|Any CPU
	EndGlobalSection
	GlobalSection(ProjectConfigurationPlatforms) = postSolution
		{4C8EF0D0-958F-450A-8BDA-E98B8908F2FD}.Debug|Any CPU.ActiveCfg = Debug|Any CPU
		{4C8EF0D0-958F-450A-8BDA-E98B8908F2FD}.Debug|Any CPU.Build.0 = Debug|Any CPU
		{4C8EF0D0-958F-450A-8BDA-E98B8908F2FD}.Release|Any CPU.ActiveCfg = Release|Any CPU
		{4C8EF0D0-958F-450A-8BDA-E98B8908F2FD}.Release|Any CPU.Build.0 = Release|Any CPU
	EndGlobalSection
	GlobalSection(SolutionProperties) = preSolution
		HideSolutionNode = FALSE
	EndGlobalSection
	GlobalSection(ExtensibilityGlobals) = postSolution
		SolutionGuid = {5AF7C61D-3357-4F49-ABA8-16AF13AA84ED}
	EndGlobalSection
EndGlobal
