
Microsoft Visual Studio Solution File, Format Version 12.00
# Visual Studio Version 17
VisualStudioVersion = 17.5.33530.505
MinimumVisualStudioVersion = 10.0.40219.1
Project("{FAE04EC0-301F-11D3-BF4B-00C04F79EFBC}") = "9. Repairing-the-Clocktower", "9. Repairing-the-Clocktower.csproj", "{EF9B5C51-1AE1-4260-AB65-08946FDB252F}"
EndProject
Global
	GlobalSection(SolutionConfigurationPlatforms) = preSolution
		Debug|Any CPU = Debug|Any CPU
		Release|Any CPU = Release|Any CPU
	EndGlobalSection
	GlobalSection(ProjectConfigurationPlatforms) = postSolution
		{EF9B5C51-1AE1-4260-AB65-08946FDB252F}.Debug|Any CPU.ActiveCfg = Debug|Any CPU
		{EF9B5C51-1AE1-4260-AB65-08946FDB252F}.Debug|Any CPU.Build.0 = Debug|Any CPU
		{EF9B5C51-1AE1-4260-AB65-08946FDB252F}.Release|Any CPU.ActiveCfg = Release|Any CPU
		{EF9B5C51-1AE1-4260-AB65-08946FDB252F}.Release|Any CPU.Build.0 = Release|Any CPU
	EndGlobalSection
	GlobalSection(SolutionProperties) = preSolution
		HideSolutionNode = FALSE
	EndGlobalSection
	GlobalSection(ExtensibilityGlobals) = postSolution
		SolutionGuid = {89A9288B-61B7-4DBD-8E6F-4DA9BE36D1E5}
	EndGlobalSection
EndGlobal
