
Microsoft Visual Studio Solution File, Format Version 12.00
# Visual Studio Version 17
VisualStudioVersion = 17.5.33530.505
MinimumVisualStudioVersion = 10.0.40219.1
Project("{FAE04EC0-301F-11D3-BF4B-00C04F79EFBC}") = "1.13 The-Magic-Cannon", "1.13 The-Magic-Cannon.csproj", "{1D949B33-2F34-47C6-9827-2BE0B60DAF4F}"
EndProject
Global
	GlobalSection(SolutionConfigurationPlatforms) = preSolution
		Debug|Any CPU = Debug|Any CPU
		Release|Any CPU = Release|Any CPU
	EndGlobalSection
	GlobalSection(ProjectConfigurationPlatforms) = postSolution
		{1D949B33-2F34-47C6-9827-2BE0B60DAF4F}.Debug|Any CPU.ActiveCfg = Debug|Any CPU
		{1D949B33-2F34-47C6-9827-2BE0B60DAF4F}.Debug|Any CPU.Build.0 = Debug|Any CPU
		{1D949B33-2F34-47C6-9827-2BE0B60DAF4F}.Release|Any CPU.ActiveCfg = Release|Any CPU
		{1D949B33-2F34-47C6-9827-2BE0B60DAF4F}.Release|Any CPU.Build.0 = Release|Any CPU
	EndGlobalSection
	GlobalSection(SolutionProperties) = preSolution
		HideSolutionNode = FALSE
	EndGlobalSection
	GlobalSection(ExtensibilityGlobals) = postSolution
		SolutionGuid = {376360AE-07C0-48D8-9EF5-B88B9DC78AD2}
	EndGlobalSection
EndGlobal
