
Microsoft Visual Studio Solution File, Format Version 12.00
# Visual Studio Version 17
VisualStudioVersion = 17.7.34202.233
MinimumVisualStudioVersion = 10.0.40219.1
Project("{FAE04EC0-301F-11D3-BF4B-00C04F79EFBC}") = "1.22 The-Point", "1.22 The-Point.csproj", "{2EE8F997-31B1-4606-A280-77C484C55CD0}"
EndProject
Global
	GlobalSection(SolutionConfigurationPlatforms) = preSolution
		Debug|Any CPU = Debug|Any CPU
		Release|Any CPU = Release|Any CPU
	EndGlobalSection
	GlobalSection(ProjectConfigurationPlatforms) = postSolution
		{2EE8F997-31B1-4606-A280-77C484C55CD0}.Debug|Any CPU.ActiveCfg = Debug|Any CPU
		{2EE8F997-31B1-4606-A280-77C484C55CD0}.Debug|Any CPU.Build.0 = Debug|Any CPU
		{2EE8F997-31B1-4606-A280-77C484C55CD0}.Release|Any CPU.ActiveCfg = Release|Any CPU
		{2EE8F997-31B1-4606-A280-77C484C55CD0}.Release|Any CPU.Build.0 = Release|Any CPU
	EndGlobalSection
	GlobalSection(SolutionProperties) = preSolution
		HideSolutionNode = FALSE
	EndGlobalSection
	GlobalSection(ExtensibilityGlobals) = postSolution
		SolutionGuid = {58A7C2ED-6489-4186-B36B-9C2A5E0B3597}
	EndGlobalSection
EndGlobal
