
Microsoft Visual Studio Solution File, Format Version 12.00
# Visual Studio Version 17
VisualStudioVersion = 17.5.33530.505
MinimumVisualStudioVersion = 10.0.40219.1
Project("{FAE04EC0-301F-11D3-BF4B-00C04F79EFBC}") = "4. The-Variable-Shop", "4. The-Variable-Shop.csproj", "{FE4C2962-D17D-4611-9081-DB776C2C6BB8}"
EndProject
Global
	GlobalSection(SolutionConfigurationPlatforms) = preSolution
		Debug|Any CPU = Debug|Any CPU
		Release|Any CPU = Release|Any CPU
	EndGlobalSection
	GlobalSection(ProjectConfigurationPlatforms) = postSolution
		{FE4C2962-D17D-4611-9081-DB776C2C6BB8}.Debug|Any CPU.ActiveCfg = Debug|Any CPU
		{FE4C2962-D17D-4611-9081-DB776C2C6BB8}.Debug|Any CPU.Build.0 = Debug|Any CPU
		{FE4C2962-D17D-4611-9081-DB776C2C6BB8}.Release|Any CPU.ActiveCfg = Release|Any CPU
		{FE4C2962-D17D-4611-9081-DB776C2C6BB8}.Release|Any CPU.Build.0 = Release|Any CPU
	EndGlobalSection
	GlobalSection(SolutionProperties) = preSolution
		HideSolutionNode = FALSE
	EndGlobalSection
	GlobalSection(ExtensibilityGlobals) = postSolution
		SolutionGuid = {727F4FE8-E418-4B6B-93CF-25AC09909B34}
	EndGlobalSection
EndGlobal
