
Microsoft Visual Studio Solution File, Format Version 12.00
# Visual Studio Version 17
VisualStudioVersion = 17.7.34024.191
MinimumVisualStudioVersion = 10.0.40219.1
Project("{FAE04EC0-301F-11D3-BF4B-00C04F79EFBC}") = "1.21 Vin-Fletchers-Arrows", "1.21 Vin-Fletchers-Arrows.csproj", "{80DE68D0-AC38-47A8-B905-1527DB4C47D7}"
EndProject
Global
	GlobalSection(SolutionConfigurationPlatforms) = preSolution
		Debug|Any CPU = Debug|Any CPU
		Release|Any CPU = Release|Any CPU
	EndGlobalSection
	GlobalSection(ProjectConfigurationPlatforms) = postSolution
		{80DE68D0-AC38-47A8-B905-1527DB4C47D7}.Debug|Any CPU.ActiveCfg = Debug|Any CPU
		{80DE68D0-AC38-47A8-B905-1527DB4C47D7}.Debug|Any CPU.Build.0 = Debug|Any CPU
		{80DE68D0-AC38-47A8-B905-1527DB4C47D7}.Release|Any CPU.ActiveCfg = Release|Any CPU
		{80DE68D0-AC38-47A8-B905-1527DB4C47D7}.Release|Any CPU.Build.0 = Release|Any CPU
	EndGlobalSection
	GlobalSection(SolutionProperties) = preSolution
		HideSolutionNode = FALSE
	EndGlobalSection
	GlobalSection(ExtensibilityGlobals) = postSolution
		SolutionGuid = {19325D4F-5A44-4376-B328-F0DA469A7046}
	EndGlobalSection
EndGlobal
