
Microsoft Visual Studio Solution File, Format Version 12.00
# Visual Studio Version 17
VisualStudioVersion = 17.5.33530.505
MinimumVisualStudioVersion = 10.0.40219.1
Project("{FAE04EC0-301F-11D3-BF4B-00C04F79EFBC}") = "1.15 The-Laws-of-Freach", "1.15 The-Laws-of-Freach.csproj", "{2E5AFDC9-EEA1-4F78-A6EC-5DDA4462353F}"
EndProject
Global
	GlobalSection(SolutionConfigurationPlatforms) = preSolution
		Debug|Any CPU = Debug|Any CPU
		Release|Any CPU = Release|Any CPU
	EndGlobalSection
	GlobalSection(ProjectConfigurationPlatforms) = postSolution
		{2E5AFDC9-EEA1-4F78-A6EC-5DDA4462353F}.Debug|Any CPU.ActiveCfg = Debug|Any CPU
		{2E5AFDC9-EEA1-4F78-A6EC-5DDA4462353F}.Debug|Any CPU.Build.0 = Debug|Any CPU
		{2E5AFDC9-EEA1-4F78-A6EC-5DDA4462353F}.Release|Any CPU.ActiveCfg = Release|Any CPU
		{2E5AFDC9-EEA1-4F78-A6EC-5DDA4462353F}.Release|Any CPU.Build.0 = Release|Any CPU
	EndGlobalSection
	GlobalSection(SolutionProperties) = preSolution
		HideSolutionNode = FALSE
	EndGlobalSection
	GlobalSection(ExtensibilityGlobals) = postSolution
		SolutionGuid = {6A85D4ED-2B0E-4970-A939-5D9D48EA2A0A}
	EndGlobalSection
EndGlobal
